
Microsoft Visual Studio Solution File, Format Version 12.00
# Visual Studio Version 17
VisualStudioVersion = 17.4.33213.308
MinimumVisualStudioVersion = 10.0.40219.1
Project("{FAE04EC0-301F-11D3-BF4B-00C04F79EFBC}") = "SeleniumTestConsole", "SeleniumTestConsole.csproj", "{304730B6-4F11-460E-994E-34A1AA098D82}"
EndProject
Global
	GlobalSection(SolutionConfigurationPlatforms) = preSolution
		Debug|Any CPU = Debug|Any CPU
		Release|Any CPU = Release|Any CPU
	EndGlobalSection
	GlobalSection(ProjectConfigurationPlatforms) = postSolution
		{304730B6-4F11-460E-994E-34A1AA098D82}.Debug|Any CPU.ActiveCfg = Debug|Any CPU
		{304730B6-4F11-460E-994E-34A1AA098D82}.Debug|Any CPU.Build.0 = Debug|Any CPU
		{304730B6-4F11-460E-994E-34A1AA098D82}.Release|Any CPU.ActiveCfg = Release|Any CPU
		{304730B6-4F11-460E-994E-34A1AA098D82}.Release|Any CPU.Build.0 = Release|Any CPU
	EndGlobalSection
	GlobalSection(SolutionProperties) = preSolution
		HideSolutionNode = FALSE
	EndGlobalSection
	GlobalSection(ExtensibilityGlobals) = postSolution
		SolutionGuid = {B75C9BFB-4C3F-48F1-9203-74E94A2E6142}
	EndGlobalSection
EndGlobal
